
Microsoft Visual Studio Solution File, Format Version 12.00
# Visual Studio Version 17
VisualStudioVersion = 17.3.32819.101
MinimumVisualStudioVersion = 10.0.40219.1
Project("{FAE04EC0-301F-11D3-BF4B-00C04F79EFBC}") = "Uppgift2.10 EricR", "Uppgift2.10 EricR\Uppgift2.10 EricR.csproj", "{28AACECE-12ED-4554-B894-980094595C51}"
EndProject
Global
	GlobalSection(SolutionConfigurationPlatforms) = preSolution
		Debug|Any CPU = Debug|Any CPU
		Release|Any CPU = Release|Any CPU
	EndGlobalSection
	GlobalSection(ProjectConfigurationPlatforms) = postSolution
		{28AACECE-12ED-4554-B894-980094595C51}.Debug|Any CPU.ActiveCfg = Debug|Any CPU
		{28AACECE-12ED-4554-B894-980094595C51}.Debug|Any CPU.Build.0 = Debug|Any CPU
		{28AACECE-12ED-4554-B894-980094595C51}.Release|Any CPU.ActiveCfg = Release|Any CPU
		{28AACECE-12ED-4554-B894-980094595C51}.Release|Any CPU.Build.0 = Release|Any CPU
	EndGlobalSection
	GlobalSection(SolutionProperties) = preSolution
		HideSolutionNode = FALSE
	EndGlobalSection
	GlobalSection(ExtensibilityGlobals) = postSolution
		SolutionGuid = {1E2DCBF9-1B1E-4DE3-8D00-477D10878EAB}
	EndGlobalSection
EndGlobal
